
Microsoft Visual Studio Solution File, Format Version 12.00
# Visual Studio Version 16
VisualStudioVersion = 16.0.30114.105
MinimumVisualStudioVersion = 10.0.40219.1
Project("{9A19103F-16F7-4668-BE54-9A1E7A4F7556}") = "GreenVsRed", "GreenVsRed\GreenVsRed.csproj", "{A7D24B77-3C9C-482C-8E11-F7B5C0855CEF}"
EndProject
Global
	GlobalSection(SolutionConfigurationPlatforms) = preSolution
		Debug|Any CPU = Debug|Any CPU
		Release|Any CPU = Release|Any CPU
	EndGlobalSection
	GlobalSection(ProjectConfigurationPlatforms) = postSolution
		{A7D24B77-3C9C-482C-8E11-F7B5C0855CEF}.Debug|Any CPU.ActiveCfg = Debug|Any CPU
		{A7D24B77-3C9C-482C-8E11-F7B5C0855CEF}.Debug|Any CPU.Build.0 = Debug|Any CPU
		{A7D24B77-3C9C-482C-8E11-F7B5C0855CEF}.Release|Any CPU.ActiveCfg = Release|Any CPU
		{A7D24B77-3C9C-482C-8E11-F7B5C0855CEF}.Release|Any CPU.Build.0 = Release|Any CPU
	EndGlobalSection
	GlobalSection(SolutionProperties) = preSolution
		HideSolutionNode = FALSE
	EndGlobalSection
	GlobalSection(ExtensibilityGlobals) = postSolution
		SolutionGuid = {468CA5A7-2B2E-40EF-8571-5D96D2868CBB}
	EndGlobalSection
EndGlobal
